
Microsoft Visual Studio Solution File, Format Version 12.00
# Visual Studio Version 17
VisualStudioVersion = 17.0.31903.59
MinimumVisualStudioVersion = 10.0.40219.1
Project("{2150E333-8FDC-42A3-9474-1A3956D46DE8}") = "src", "src", "{827E0CD3-B72D-47B6-A68D-7590B98EB39B}"
EndProject
Project("{FAE04EC0-301F-11D3-BF4B-00C04F79EFBC}") = "Hakari.Core", "src\Hakari.Core\Hakari.Core.csproj", "{E3ED9B67-DD06-4BCA-ADCF-9FA9ED776A3B}"
EndProject
Project("{FAE04EC0-301F-11D3-BF4B-00C04F79EFBC}") = "Hakari.Cli", "src\Hakari.Cli\Hakari.Cli.csproj", "{84A93CC7-AA61-44C3-AF6A-8576D43A6A43}"
EndProject
Project("{FAE04EC0-301F-11D3-BF4B-00C04F79EFBC}") = "Hakari.Core.Tests", "tests\Hakari.Core.Tests\Hakari.Core.Tests.csproj", "{D73629FE-0316-41EE-9F06-1F71BC171391}"
EndProject
Project("{FAE04EC0-301F-11D3-BF4B-00C04F79EFBC}") = "Hakari.Taskbar", "src\Hakari.Taskbar\Hakari.Taskbar.csproj", "{E26110D6-317A-4A42-BE4A-DC3CDA878FD9}"
EndProject
Project("{FAE04EC0-301F-11D3-BF4B-00C04F79EFBC}") = "Hakari.TaskbarSpike", "spikes\Hakari.TaskbarSpike\Hakari.TaskbarSpike.csproj", "{46DC5264-B9E0-46CE-B62F-678D7E4FBC54}"
EndProject
Global
	GlobalSection(SolutionConfigurationPlatforms) = preSolution
		Debug|Any CPU = Debug|Any CPU
		Debug|x64 = Debug|x64
		Debug|x86 = Debug|x86
		Release|Any CPU = Release|Any CPU
		Release|x64 = Release|x64
		Release|x86 = Release|x86
	EndGlobalSection
	GlobalSection(ProjectConfigurationPlatforms) = postSolution
		{E3ED9B67-DD06-4BCA-ADCF-9FA9ED776A3B}.Debug|Any CPU.ActiveCfg = Debug|Any CPU
		{E3ED9B67-DD06-4BCA-ADCF-9FA9ED776A3B}.Debug|Any CPU.Build.0 = Debug|Any CPU
		{E3ED9B67-DD06-4BCA-ADCF-9FA9ED776A3B}.Debug|x64.ActiveCfg = Debug|Any CPU
		{E3ED9B67-DD06-4BCA-ADCF-9FA9ED776A3B}.Debug|x64.Build.0 = Debug|Any CPU
		{E3ED9B67-DD06-4BCA-ADCF-9FA9ED776A3B}.Debug|x86.ActiveCfg = Debug|Any CPU
		{E3ED9B67-DD06-4BCA-ADCF-9FA9ED776A3B}.Debug|x86.Build.0 = Debug|Any CPU
		{E3ED9B67-DD06-4BCA-ADCF-9FA9ED776A3B}.Release|Any CPU.ActiveCfg = Release|Any CPU
		{E3ED9B67-DD06-4BCA-ADCF-9FA9ED776A3B}.Release|Any CPU.Build.0 = Release|Any CPU
		{E3ED9B67-DD06-4BCA-ADCF-9FA9ED776A3B}.Release|x64.ActiveCfg = Release|Any CPU
		{E3ED9B67-DD06-4BCA-ADCF-9FA9ED776A3B}.Release|x64.Build.0 = Release|Any CPU
		{E3ED9B67-DD06-4BCA-ADCF-9FA9ED776A3B}.Release|x86.ActiveCfg = Release|Any CPU
		{E3ED9B67-DD06-4BCA-ADCF-9FA9ED776A3B}.Release|x86.Build.0 = Release|Any CPU
		{84A93CC7-AA61-44C3-AF6A-8576D43A6A43}.Debug|Any CPU.ActiveCfg = Debug|Any CPU
		{84A93CC7-AA61-44C3-AF6A-8576D43A6A43}.Debug|Any CPU.Build.0 = Debug|Any CPU
		{84A93CC7-AA61-44C3-AF6A-8576D43A6A43}.Debug|x64.ActiveCfg = Debug|Any CPU
		{84A93CC7-AA61-44C3-AF6A-8576D43A6A43}.Debug|x64.Build.0 = Debug|Any CPU
		{84A93CC7-AA61-44C3-AF6A-8576D43A6A43}.Debug|x86.ActiveCfg = Debug|Any CPU
		{84A93CC7-AA61-44C3-AF6A-8576D43A6A43}.Debug|x86.Build.0 = Debug|Any CPU
		{84A93CC7-AA61-44C3-AF6A-8576D43A6A43}.Release|Any CPU.ActiveCfg = Release|Any CPU
		{84A93CC7-AA61-44C3-AF6A-8576D43A6A43}.Release|Any CPU.Build.0 = Release|Any CPU
		{84A93CC7-AA61-44C3-AF6A-8576D43A6A43}.Release|x64.ActiveCfg = Release|Any CPU
		{84A93CC7-AA61-44C3-AF6A-8576D43A6A43}.Release|x64.Build.0 = Release|Any CPU
		{84A93CC7-AA61-44C3-AF6A-8576D43A6A43}.Release|x86.ActiveCfg = Release|Any CPU
		{84A93CC7-AA61-44C3-AF6A-8576D43A6A43}.Release|x86.Build.0 = Release|Any CPU
		{D73629FE-0316-41EE-9F06-1F71BC171391}.Debug|Any CPU.ActiveCfg = Debug|Any CPU
		{D73629FE-0316-41EE-9F06-1F71BC171391}.Debug|Any CPU.Build.0 = Debug|Any CPU
		{D73629FE-0316-41EE-9F06-1F71BC171391}.Debug|x64.ActiveCfg = Debug|Any CPU
		{D73629FE-0316-41EE-9F06-1F71BC171391}.Debug|x64.Build.0 = Debug|Any CPU
		{D73629FE-0316-41EE-9F06-1F71BC171391}.Debug|x86.ActiveCfg = Debug|Any CPU
		{D73629FE-0316-41EE-9F06-1F71BC171391}.Debug|x86.Build.0 = Debug|Any CPU
		{D73629FE-0316-41EE-9F06-1F71BC171391}.Release|Any CPU.ActiveCfg = Release|Any CPU
		{D73629FE-0316-41EE-9F06-1F71BC171391}.Release|Any CPU.Build.0 = Release|Any CPU
		{D73629FE-0316-41EE-9F06-1F71BC171391}.Release|x64.ActiveCfg = Release|Any CPU
		{D73629FE-0316-41EE-9F06-1F71BC171391}.Release|x64.Build.0 = Release|Any CPU
		{D73629FE-0316-41EE-9F06-1F71BC171391}.Release|x86.ActiveCfg = Release|Any CPU
		{D73629FE-0316-41EE-9F06-1F71BC171391}.Release|x86.Build.0 = Release|Any CPU
		{E26110D6-317A-4A42-BE4A-DC3CDA878FD9}.Debug|Any CPU.ActiveCfg = Debug|Any CPU
		{E26110D6-317A-4A42-BE4A-DC3CDA878FD9}.Debug|Any CPU.Build.0 = Debug|Any CPU
		{E26110D6-317A-4A42-BE4A-DC3CDA878FD9}.Debug|x64.ActiveCfg = Debug|Any CPU
		{E26110D6-317A-4A42-BE4A-DC3CDA878FD9}.Debug|x64.Build.0 = Debug|Any CPU
		{E26110D6-317A-4A42-BE4A-DC3CDA878FD9}.Debug|x86.ActiveCfg = Debug|Any CPU
		{E26110D6-317A-4A42-BE4A-DC3CDA878FD9}.Debug|x86.Build.0 = Debug|Any CPU
		{E26110D6-317A-4A42-BE4A-DC3CDA878FD9}.Release|Any CPU.ActiveCfg = Release|Any CPU
		{E26110D6-317A-4A42-BE4A-DC3CDA878FD9}.Release|Any CPU.Build.0 = Release|Any CPU
		{E26110D6-317A-4A42-BE4A-DC3CDA878FD9}.Release|x64.ActiveCfg = Release|Any CPU
		{E26110D6-317A-4A42-BE4A-DC3CDA878FD9}.Release|x64.Build.0 = Release|Any CPU
		{E26110D6-317A-4A42-BE4A-DC3CDA878FD9}.Release|x86.ActiveCfg = Release|Any CPU
		{E26110D6-317A-4A42-BE4A-DC3CDA878FD9}.Release|x86.Build.0 = Release|Any CPU
		{46DC5264-B9E0-46CE-B62F-678D7E4FBC54}.Debug|Any CPU.ActiveCfg = Debug|Any CPU
		{46DC5264-B9E0-46CE-B62F-678D7E4FBC54}.Debug|Any CPU.Build.0 = Debug|Any CPU
		{46DC5264-B9E0-46CE-B62F-678D7E4FBC54}.Debug|x64.ActiveCfg = Debug|Any CPU
		{46DC5264-B9E0-46CE-B62F-678D7E4FBC54}.Debug|x64.Build.0 = Debug|Any CPU
		{46DC5264-B9E0-46CE-B62F-678D7E4FBC54}.Debug|x86.ActiveCfg = Debug|Any CPU
		{46DC5264-B9E0-46CE-B62F-678D7E4FBC54}.Debug|x86.Build.0 = Debug|Any CPU
		{46DC5264-B9E0-46CE-B62F-678D7E4FBC54}.Release|Any CPU.ActiveCfg = Release|Any CPU
		{46DC5264-B9E0-46CE-B62F-678D7E4FBC54}.Release|Any CPU.Build.0 = Release|Any CPU
		{46DC5264-B9E0-46CE-B62F-678D7E4FBC54}.Release|x64.ActiveCfg = Release|Any CPU
		{46DC5264-B9E0-46CE-B62F-678D7E4FBC54}.Release|x64.Build.0 = Release|Any CPU
		{46DC5264-B9E0-46CE-B62F-678D7E4FBC54}.Release|x86.ActiveCfg = Release|Any CPU
		{46DC5264-B9E0-46CE-B62F-678D7E4FBC54}.Release|x86.Build.0 = Release|Any CPU
	EndGlobalSection
	GlobalSection(SolutionProperties) = preSolution
		HideSolutionNode = FALSE
	EndGlobalSection
	GlobalSection(NestedProjects) = preSolution
		{E3ED9B67-DD06-4BCA-ADCF-9FA9ED776A3B} = {827E0CD3-B72D-47B6-A68D-7590B98EB39B}
		{84A93CC7-AA61-44C3-AF6A-8576D43A6A43} = {827E0CD3-B72D-47B6-A68D-7590B98EB39B}
		{D73629FE-0316-41EE-9F06-1F71BC171391} = {827E0CD3-B72D-47B6-A68D-7590B98EB39B}
		{E26110D6-317A-4A42-BE4A-DC3CDA878FD9} = {827E0CD3-B72D-47B6-A68D-7590B98EB39B}
		{46DC5264-B9E0-46CE-B62F-678D7E4FBC54} = {827E0CD3-B72D-47B6-A68D-7590B98EB39B}
	EndGlobalSection
EndGlobal
